
Microsoft Visual Studio Solution File, Format Version 12.00
Project("{FAE04EC0-301F-11D3-BF4B-00C04F79EFBC}") = "Moji.DataAccess", "src\Moji.DataAccess\Moji.DataAccess.csproj", "{B7EC2CC4-E346-45DC-9627-926B715AC903}"
EndProject
Project("{FAE04EC0-301F-11D3-BF4B-00C04F79EFBC}") = "Moji.BusinessLogic", "src\Moji.BusinessLogic\Moji.BusinessLogic.csproj", "{5B3F3B9F-30B6-492E-B2DB-EEE2327942CD}"
EndProject
Project("{FAE04EC0-301F-11D3-BF4B-00C04F79EFBC}") = "Moji.API", "src\Moji.API\Moji.API.csproj", "{CA6D2AEB-CF92-45B6-B42F-4765F004C0BD}"
EndProject
Project("{FAE04EC0-301F-11D3-BF4B-00C04F79EFBC}") = "Moji.Contracts", "Moji.Contracts\Moji.Contracts.csproj", "{C002D583-FEFB-4E04-AE88-A07FC824F644}"
EndProject
Global
	GlobalSection(SolutionConfigurationPlatforms) = preSolution
		Debug|Any CPU = Debug|Any CPU
		Release|Any CPU = Release|Any CPU
	EndGlobalSection
	GlobalSection(ProjectConfigurationPlatforms) = postSolution
		{B7EC2CC4-E346-45DC-9627-926B715AC903}.Debug|Any CPU.ActiveCfg = Debug|Any CPU
		{B7EC2CC4-E346-45DC-9627-926B715AC903}.Debug|Any CPU.Build.0 = Debug|Any CPU
		{B7EC2CC4-E346-45DC-9627-926B715AC903}.Release|Any CPU.ActiveCfg = Release|Any CPU
		{B7EC2CC4-E346-45DC-9627-926B715AC903}.Release|Any CPU.Build.0 = Release|Any CPU
		{5B3F3B9F-30B6-492E-B2DB-EEE2327942CD}.Debug|Any CPU.ActiveCfg = Debug|Any CPU
		{5B3F3B9F-30B6-492E-B2DB-EEE2327942CD}.Debug|Any CPU.Build.0 = Debug|Any CPU
		{5B3F3B9F-30B6-492E-B2DB-EEE2327942CD}.Release|Any CPU.ActiveCfg = Release|Any CPU
		{5B3F3B9F-30B6-492E-B2DB-EEE2327942CD}.Release|Any CPU.Build.0 = Release|Any CPU
		{CA6D2AEB-CF92-45B6-B42F-4765F004C0BD}.Debug|Any CPU.ActiveCfg = Debug|Any CPU
		{CA6D2AEB-CF92-45B6-B42F-4765F004C0BD}.Debug|Any CPU.Build.0 = Debug|Any CPU
		{CA6D2AEB-CF92-45B6-B42F-4765F004C0BD}.Release|Any CPU.ActiveCfg = Release|Any CPU
		{CA6D2AEB-CF92-45B6-B42F-4765F004C0BD}.Release|Any CPU.Build.0 = Release|Any CPU
		{C002D583-FEFB-4E04-AE88-A07FC824F644}.Debug|Any CPU.ActiveCfg = Debug|Any CPU
		{C002D583-FEFB-4E04-AE88-A07FC824F644}.Debug|Any CPU.Build.0 = Debug|Any CPU
		{C002D583-FEFB-4E04-AE88-A07FC824F644}.Release|Any CPU.ActiveCfg = Release|Any CPU
		{C002D583-FEFB-4E04-AE88-A07FC824F644}.Release|Any CPU.Build.0 = Release|Any CPU
	EndGlobalSection
EndGlobal
